// !$*UTF8*$!
{
	archiveVersion = 1;
	classes = {
	};
	objectVersion = 46;
	objects = {

/* Begin PBXBuildFile section */
		4A0266461B4D509300B35DB0 /* AppDelegate.swift in Sources */ = {isa = PBXBuildFile; fileRef = 4A0266451B4D509300B35DB0 /* AppDelegate.swift */; };
		4A0266481B4D509300B35DB0 /* ViewController.swift in Sources */ = {isa = PBXBuildFile; fileRef = 4A0266471B4D509300B35DB0 /* ViewController.swift */; };
		4A02664B1B4D509300B35DB0 /* Main.storyboard in Resources */ = {isa = PBXBuildFile; fileRef = 4A0266491B4D509300B35DB0 /* Main.storyboard */; };
		4A02664D1B4D509300B35DB0 /* Images.xcassets in Resources */ = {isa = PBXBuildFile; fileRef = 4A02664C1B4D509300B35DB0 /* Images.xcassets */; };
		4A0266501B4D509300B35DB0 /* LaunchScreen.xib in Resources */ = {isa = PBXBuildFile; fileRef = 4A02664E1B4D509300B35DB0 /* LaunchScreen.xib */; };
		4A02665C1B4D509300B35DB0 /* ZDropdownTests.swift in Sources */ = {isa = PBXBuildFile; fileRef = 4A02665B1B4D509300B35DB0 /* ZDropdownTests.swift */; };
		4AC73B6C1B4EAE5500F587D8 /* ColorUtility.swift in Sources */ = {isa = PBXBuildFile; fileRef = 4AC73B6B1B4EAE5500F587D8 /* ColorUtility.swift */; };
		4AE32F801B53942C003C7204 /* pic_spinner_arrow_down@2x.png in Resources */ = {isa = PBXBuildFile; fileRef = 4AE32F7F1B53942C003C7204 /* pic_spinner_arrow_down@2x.png */; };
		BA53A22A1BE9B10B006C988D /* ZDropdownContainer.swift in Sources */ = {isa = PBXBuildFile; fileRef = BA53A2271BE9B10B006C988D /* ZDropdownContainer.swift */; };
		BA53A22B1BE9B10B006C988D /* ZDropdownView.swift in Sources */ = {isa = PBXBuildFile; fileRef = BA53A2281BE9B10B006C988D /* ZDropdownView.swift */; };
		BA53A22C1BE9B10B006C988D /* ZDropdownWidget.swift in Sources */ = {isa = PBXBuildFile; fileRef = BA53A2291BE9B10B006C988D /* ZDropdownWidget.swift */; };
		BA53A22E1BE9B1EA006C988D /* CommonKeyValue.swift in Sources */ = {isa = PBXBuildFile; fileRef = BA53A22D1BE9B1EA006C988D /* CommonKeyValue.swift */; };
		BA53A2301BE9B263006C988D /* TestSpinner.swift in Sources */ = {isa = PBXBuildFile; fileRef = BA53A22F1BE9B263006C988D /* TestSpinner.swift */; };
		BA53A2331BE9B352006C988D /* ColorConstant.swift in Sources */ = {isa = PBXBuildFile; fileRef = BA53A2321BE9B352006C988D /* ColorConstant.swift */; };
/* End PBXBuildFile section */

/* Begin PBXContainerItemProxy section */
		4A0266561B4D509300B35DB0 /* PBXContainerItemProxy */ = {
			isa = PBXContainerItemProxy;
			containerPortal = 4A0266381B4D509300B35DB0 /* Project object */;
			proxyType = 1;
			remoteGlobalIDString = 4A02663F1B4D509300B35DB0;
			remoteInfo = ZDropdown;
		};
/* End PBXContainerItemProxy section */

/* Begin PBXFileReference section */
		4A0266401B4D509300B35DB0 /* ZDropdown.app */ = {isa = PBXFileReference; explicitFileType = wrapper.application; includeInIndex = 0; path = ZDropdown.app; sourceTree = BUILT_PRODUCTS_DIR; };
		4A0266441B4D509300B35DB0 /* Info.plist */ = {isa = PBXFileReference; lastKnownFileType = text.plist.xml; path = Info.plist; sourceTree = "<group>"; };
		4A0266451B4D509300B35DB0 /* AppDelegate.swift */ = {isa = PBXFileReference; lastKnownFileType = sourcecode.swift; path = AppDelegate.swift; sourceTree = "<group>"; };
		4A0266471B4D509300B35DB0 /* ViewController.swift */ = {isa = PBXFileReference; lastKnownFileType = sourcecode.swift; path = ViewController.swift; sourceTree = "<group>"; };
		4A02664A1B4D509300B35DB0 /* Base */ = {isa = PBXFileReference; lastKnownFileType = file.storyboard; name = Base; path = Base.lproj/Main.storyboard; sourceTree = "<group>"; };
		4A02664C1B4D509300B35DB0 /* Images.xcassets */ = {isa = PBXFileReference; lastKnownFileType = folder.assetcatalog; path = Images.xcassets; sourceTree = "<group>"; };
		4A02664F1B4D509300B35DB0 /* Base */ = {isa = PBXFileReference; lastKnownFileType = file.xib; name = Base; path = Base.lproj/LaunchScreen.xib; sourceTree = "<group>"; };
		4A0266551B4D509300B35DB0 /* ZDropdownTests.xctest */ = {isa = PBXFileReference; explicitFileType = wrapper.cfbundle; includeInIndex = 0; path = ZDropdownTests.xctest; sourceTree = BUILT_PRODUCTS_DIR; };
		4A02665A1B4D509300B35DB0 /* Info.plist */ = {isa = PBXFileReference; lastKnownFileType = text.plist.xml; path = Info.plist; sourceTree = "<group>"; };
		4A02665B1B4D509300B35DB0 /* ZDropdownTests.swift */ = {isa = PBXFileReference; lastKnownFileType = sourcecode.swift; path = ZDropdownTests.swift; sourceTree = "<group>"; };
		4AC73B6B1B4EAE5500F587D8 /* ColorUtility.swift */ = {isa = PBXFileReference; fileEncoding = 4; lastKnownFileType = sourcecode.swift; path = ColorUtility.swift; sourceTree = "<group>"; };
		4AE32F7F1B53942C003C7204 /* pic_spinner_arrow_down@2x.png */ = {isa = PBXFileReference; lastKnownFileType = image.png; path = "pic_spinner_arrow_down@2x.png"; sourceTree = "<group>"; };
		BA53A2271BE9B10B006C988D /* ZDropdownContainer.swift */ = {isa = PBXFileReference; fileEncoding = 4; lastKnownFileType = sourcecode.swift; path = ZDropdownContainer.swift; sourceTree = "<group>"; };
		BA53A2281BE9B10B006C988D /* ZDropdownView.swift */ = {isa = PBXFileReference; fileEncoding = 4; lastKnownFileType = sourcecode.swift; path = ZDropdownView.swift; sourceTree = "<group>"; };
		BA53A2291BE9B10B006C988D /* ZDropdownWidget.swift */ = {isa = PBXFileReference; fileEncoding = 4; lastKnownFileType = sourcecode.swift; path = ZDropdownWidget.swift; sourceTree = "<group>"; };
		BA53A22D1BE9B1EA006C988D /* CommonKeyValue.swift */ = {isa = PBXFileReference; fileEncoding = 4; lastKnownFileType = sourcecode.swift; path = CommonKeyValue.swift; sourceTree = "<group>"; };
		BA53A22F1BE9B263006C988D /* TestSpinner.swift */ = {isa = PBXFileReference; fileEncoding = 4; lastKnownFileType = sourcecode.swift; path = TestSpinner.swift; sourceTree = "<group>"; };
		BA53A2321BE9B352006C988D /* ColorConstant.swift */ = {isa = PBXFileReference; fileEncoding = 4; lastKnownFileType = sourcecode.swift; path = ColorConstant.swift; sourceTree = "<group>"; };
/* End PBXFileReference section */

/* Begin PBXFrameworksBuildPhase section */
		4A02663D1B4D509300B35DB0 /* Frameworks */ = {
			isa = PBXFrameworksBuildPhase;
			buildActionMask = 2147483647;
			files = (
			);
			runOnlyForDeploymentPostprocessing = 0;
		};
		4A0266521B4D509300B35DB0 /* Frameworks */ = {
			isa = PBXFrameworksBuildPhase;
			buildActionMask = 2147483647;
			files = (
			);
			runOnlyForDeploymentPostprocessing = 0;
		};
/* End PBXFrameworksBuildPhase section */

/* Begin PBXGroup section */
		4A0266371B4D509300B35DB0 = {
			isa = PBXGroup;
			children = (
				4A0266421B4D509300B35DB0 /* ZDropdown */,
				4A0266581B4D509300B35DB0 /* ZDropdownTests */,
				4A0266411B4D509300B35DB0 /* Products */,
			);
			sourceTree = "<group>";
		};
		4A0266411B4D509300B35DB0 /* Products */ = {
			isa = PBXGroup;
			children = (
				4A0266401B4D509300B35DB0 /* ZDropdown.app */,
				4A0266551B4D509300B35DB0 /* ZDropdownTests.xctest */,
			);
			name = Products;
			sourceTree = "<group>";
		};
		4A0266421B4D509300B35DB0 /* ZDropdown */ = {
			isa = PBXGroup;
			children = (
				BA53A2311BE9B352006C988D /* Constant */,
				BA53A2261BE9B10B006C988D /* ZDropdown */,
				4AE32F7C1B539215003C7204 /* Images */,
				4A0266451B4D509300B35DB0 /* AppDelegate.swift */,
				4A0266471B4D509300B35DB0 /* ViewController.swift */,
				4A0266491B4D509300B35DB0 /* Main.storyboard */,
				4A02664C1B4D509300B35DB0 /* Images.xcassets */,
				4A02664E1B4D509300B35DB0 /* LaunchScreen.xib */,
				4A0266431B4D509300B35DB0 /* Supporting Files */,
				4AC73B6B1B4EAE5500F587D8 /* ColorUtility.swift */,
				BA53A22D1BE9B1EA006C988D /* CommonKeyValue.swift */,
				BA53A22F1BE9B263006C988D /* TestSpinner.swift */,
			);
			path = ZDropdown;
			sourceTree = "<group>";
		};
		4A0266431B4D509300B35DB0 /* Supporting Files */ = {
			isa = PBXGroup;
			children = (
				4A0266441B4D509300B35DB0 /* Info.plist */,
			);
			name = "Supporting Files";
			sourceTree = "<group>";
		};
		4A0266581B4D509300B35DB0 /* ZDropdownTests */ = {
			isa = PBXGroup;
			children = (
				4A02665B1B4D509300B35DB0 /* ZDropdownTests.swift */,
				4A0266591B4D509300B35DB0 /* Supporting Files */,
			);
			path = ZDropdownTests;
			sourceTree = "<group>";
		};
		4A0266591B4D509300B35DB0 /* Supporting Files */ = {
			isa = PBXGroup;
			children = (
				4A02665A1B4D509300B35DB0 /* Info.plist */,
			);
			name = "Supporting Files";
			sourceTree = "<group>";
		};
		4AE32F7C1B539215003C7204 /* Images */ = {
			isa = PBXGroup;
			children = (
				4AE32F7F1B53942C003C7204 /* pic_spinner_arrow_down@2x.png */,
			);
			path = Images;
			sourceTree = "<group>";
		};
		BA53A2261BE9B10B006C988D /* ZDropdown */ = {
			isa = PBXGroup;
			children = (
				BA53A2271BE9B10B006C988D /* ZDropdownContainer.swift */,
				BA53A2281BE9B10B006C988D /* ZDropdownView.swift */,
				BA53A2291BE9B10B006C988D /* ZDropdownWidget.swift */,
			);
			path = ZDropdown;
			sourceTree = "<group>";
		};
		BA53A2311BE9B352006C988D /* Constant */ = {
			isa = PBXGroup;
			children = (
				BA53A2321BE9B352006C988D /* ColorConstant.swift */,
			);
			path = Constant;
			sourceTree = "<group>";
		};
/* End PBXGroup section */

/* Begin PBXNativeTarget section */
		4A02663F1B4D509300B35DB0 /* ZDropdown */ = {
			isa = PBXNativeTarget;
			buildConfigurationList = 4A02665F1B4D509300B35DB0 /* Build configuration list for PBXNativeTarget "ZDropdown" */;
			buildPhases = (
				4A02663C1B4D509300B35DB0 /* Sources */,
				4A02663D1B4D509300B35DB0 /* Frameworks */,
				4A02663E1B4D509300B35DB0 /* Resources */,
			);
			buildRules = (
			);
			dependencies = (
			);
			name = ZDropdown;
			productName = ZDropdown;
			productReference = 4A0266401B4D509300B35DB0 /* ZDropdown.app */;
			productType = "com.apple.product-type.application";
		};
		4A0266541B4D509300B35DB0 /* ZDropdownTests */ = {
			isa = PBXNativeTarget;
			buildConfigurationList = 4A0266621B4D509300B35DB0 /* Build configuration list for PBXNativeTarget "ZDropdownTests" */;
			buildPhases = (
				4A0266511B4D509300B35DB0 /* Sources */,
				4A0266521B4D509300B35DB0 /* Frameworks */,
				4A0266531B4D509300B35DB0 /* Resources */,
			);
			buildRules = (
			);
			dependencies = (
				4A0266571B4D509300B35DB0 /* PBXTargetDependency */,
			);
			name = ZDropdownTests;
			productName = ZDropdownTests;
			productReference = 4A0266551B4D509300B35DB0 /* ZDropdownTests.xctest */;
			productType = "com.apple.product-type.bundle.unit-test";
		};
/* End PBXNativeTarget section */

/* Begin PBXProject section */
		4A0266381B4D509300B35DB0 /* Project object */ = {
			isa = PBXProject;
			attributes = {
				LastSwiftMigration = 0710;
				LastSwiftUpdateCheck = 0710;
				LastUpgradeCheck = 0640;
				ORGANIZATIONNAME = CaryZheng;
				TargetAttributes = {
					4A02663F1B4D509300B35DB0 = {
						CreatedOnToolsVersion = 6.4;
					};
					4A0266541B4D509300B35DB0 = {
						CreatedOnToolsVersion = 6.4;
						TestTargetID = 4A02663F1B4D509300B35DB0;
					};
				};
			};
			buildConfigurationList = 4A02663B1B4D509300B35DB0 /* Build configuration list for PBXProject "ZDropdown" */;
			compatibilityVersion = "Xcode 3.2";
			developmentRegion = English;
			hasScannedForEncodings = 0;
			knownRegions = (
				en,
				Base,
			);
			mainGroup = 4A0266371B4D509300B35DB0;
			productRefGroup = 4A0266411B4D509300B35DB0 /* Products */;
			projectDirPath = "";
			projectRoot = "";
			targets = (
				4A02663F1B4D509300B35DB0 /* ZDropdown */,
				4A0266541B4D509300B35DB0 /* ZDropdownTests */,
			);
		};
/* End PBXProject section */

/* Begin PBXResourcesBuildPhase section */
		4A02663E1B4D509300B35DB0 /* Resources */ = {
			isa = PBXResourcesBuildPhase;
			buildActionMask = 2147483647;
			files = (
				4A02664B1B4D509300B35DB0 /* Main.storyboard in Resources */,
				4A0266501B4D509300B35DB0 /* LaunchScreen.xib in Resources */,
				4A02664D1B4D509300B35DB0 /* Images.xcassets in Resources */,
				4AE32F801B53942C003C7204 /* pic_spinner_arrow_down@2x.png in Resources */,
			);
			runOnlyForDeploymentPostprocessing = 0;
		};
		4A0266531B4D509300B35DB0 /* Resources */ = {
			isa = PBXResourcesBuildPhase;
			buildActionMask = 2147483647;
			files = (
			);
			runOnlyForDeploymentPostprocessing = 0;
		};
/* End PBXResourcesBuildPhase section */

/* Begin PBXSourcesBuildPhase section */
		4A02663C1B4D509300B35DB0 /* Sources */ = {
			isa = PBXSourcesBuildPhase;
			buildActionMask = 2147483647;
			files = (
				4A0266481B4D509300B35DB0 /* ViewController.swift in Sources */,
				BA53A22A1BE9B10B006C988D /* ZDropdownContainer.swift in Sources */,
				BA53A2331BE9B352006C988D /* ColorConstant.swift in Sources */,
				BA53A22B1BE9B10B006C988D /* ZDropdownView.swift in Sources */,
				BA53A2301BE9B263006C988D /* TestSpinner.swift in Sources */,
				BA53A22C1BE9B10B006C988D /* ZDropdownWidget.swift in Sources */,
				BA53A22E1BE9B1EA006C988D /* CommonKeyValue.swift in Sources */,
				4AC73B6C1B4EAE5500F587D8 /* ColorUtility.swift in Sources */,
				4A0266461B4D509300B35DB0 /* AppDelegate.swift in Sources */,
			);
			runOnlyForDeploymentPostprocessing = 0;
		};
		4A0266511B4D509300B35DB0 /* Sources */ = {
			isa = PBXSourcesBuildPhase;
			buildActionMask = 2147483647;
			files = (
				4A02665C1B4D509300B35DB0 /* ZDropdownTests.swift in Sources */,
			);
			runOnlyForDeploymentPostprocessing = 0;
		};
/* End PBXSourcesBuildPhase section */

/* Begin PBXTargetDependency section */
		4A0266571B4D509300B35DB0 /* PBXTargetDependency */ = {
			isa = PBXTargetDependency;
			target = 4A02663F1B4D509300B35DB0 /* ZDropdown */;
			targetProxy = 4A0266561B4D509300B35DB0 /* PBXContainerItemProxy */;
		};
/* End PBXTargetDependency section */

/* Begin PBXVariantGroup section */
		4A0266491B4D509300B35DB0 /* Main.storyboard */ = {
			isa = PBXVariantGroup;
			children = (
				4A02664A1B4D509300B35DB0 /* Base */,
			);
			name = Main.storyboard;
			sourceTree = "<group>";
		};
		4A02664E1B4D509300B35DB0 /* LaunchScreen.xib */ = {
			isa = PBXVariantGroup;
			children = (
				4A02664F1B4D509300B35DB0 /* Base */,
			);
			name = LaunchScreen.xib;
			sourceTree = "<group>";
		};
/* End PBXVariantGroup section */

/* Begin XCBuildConfiguration section */
		4A02665D1B4D509300B35DB0 /* Debug */ = {
			isa = XCBuildConfiguration;
			buildSettings = {
				ALWAYS_SEARCH_USER_PATHS = NO;
				CLANG_CXX_LANGUAGE_STANDARD = "gnu++0x";
				CLANG_CXX_LIBRARY = "libc++";
				CLANG_ENABLE_MODULES = YES;
				CLANG_ENABLE_OBJC_ARC = YES;
				CLANG_WARN_BOOL_CONVERSION = YES;
				CLANG_WARN_CONSTANT_CONVERSION = YES;
				CLANG_WARN_DIRECT_OBJC_ISA_USAGE = YES_ERROR;
				CLANG_WARN_EMPTY_BODY = YES;
				CLANG_WARN_ENUM_CONVERSION = YES;
				CLANG_WARN_INT_CONVERSION = YES;
				CLANG_WARN_OBJC_ROOT_CLASS = YES_ERROR;
				CLANG_WARN_UNREACHABLE_CODE = YES;
				CLANG_WARN__DUPLICATE_METHOD_MATCH = YES;
				"CODE_SIGN_IDENTITY[sdk=iphoneos*]" = "iPhone Developer";
				COPY_PHASE_STRIP = NO;
				DEBUG_INFORMATION_FORMAT = "dwarf-with-dsym";
				ENABLE_STRICT_OBJC_MSGSEND = YES;
				GCC_C_LANGUAGE_STANDARD = gnu99;
				GCC_DYNAMIC_NO_PIC = NO;
				GCC_NO_COMMON_BLOCKS = YES;
				GCC_OPTIMIZATION_LEVEL = 0;
				GCC_PREPROCESSOR_DEFINITIONS = (
					"DEBUG=1",
					"$(inherited)",
				);
				GCC_SYMBOLS_PRIVATE_EXTERN = NO;
				GCC_WARN_64_TO_32_BIT_CONVERSION = YES;
				GCC_WARN_ABOUT_RETURN_TYPE = YES_ERROR;
				GCC_WARN_UNDECLARED_SELECTOR = YES;
				GCC_WARN_UNINITIALIZED_AUTOS = YES_AGGRESSIVE;
				GCC_WARN_UNUSED_FUNCTION = YES;
				GCC_WARN_UNUSED_VARIABLE = YES;
				IPHONEOS_DEPLOYMENT_TARGET = 8.4;
				MTL_ENABLE_DEBUG_INFO = YES;
				ONLY_ACTIVE_ARCH = YES;
				SDKROOT = iphoneos;
				SWIFT_OPTIMIZATION_LEVEL = "-Onone";
				TARGETED_DEVICE_FAMILY = "1,2";
			};
			name = Debug;
		};
		4A02665E1B4D509300B35DB0 /* Release */ = {
			isa = XCBuildConfiguration;
			buildSettings = {
				ALWAYS_SEARCH_USER_PATHS = NO;
				CLANG_CXX_LANGUAGE_STANDARD = "gnu++0x";
				CLANG_CXX_LIBRARY = "libc++";
				CLANG_ENABLE_MODULES = YES;
				CLANG_ENABLE_OBJC_ARC = YES;
				CLANG_WARN_BOOL_CONVERSION = YES;
				CLANG_WARN_CONSTANT_CONVERSION = YES;
				CLANG_WARN_DIRECT_OBJC_ISA_USAGE = YES_ERROR;
				CLANG_WARN_EMPTY_BODY = YES;
				CLANG_WARN_ENUM_CONVERSION = YES;
				CLANG_WARN_INT_CONVERSION = YES;
				CLANG_WARN_OBJC_ROOT_CLASS = YES_ERROR;
				CLANG_WARN_UNREACHABLE_CODE = YES;
				CLANG_WARN__DUPLICATE_METHOD_MATCH = YES;
				"CODE_SIGN_IDENTITY[sdk=iphoneos*]" = "iPhone Developer";
				COPY_PHASE_STRIP = NO;
				DEBUG_INFORMATION_FORMAT = "dwarf-with-dsym";
				ENABLE_NS_ASSERTIONS = NO;
				ENABLE_STRICT_OBJC_MSGSEND = YES;
				GCC_C_LANGUAGE_STANDARD = gnu99;
				GCC_NO_COMMON_BLOCKS = YES;
				GCC_WARN_64_TO_32_BIT_CONVERSION = YES;
				GCC_WARN_ABOUT_RETURN_TYPE = YES_ERROR;
				GCC_WARN_UNDECLARED_SELECTOR = YES;
				GCC_WARN_UNINITIALIZED_AUTOS = YES_AGGRESSIVE;
				GCC_WARN_UNUSED_FUNCTION = YES;
				GCC_WARN_UNUSED_VARIABLE = YES;
				IPHONEOS_DEPLOYMENT_TARGET = 8.4;
				MTL_ENABLE_DEBUG_INFO = NO;
				SDKROOT = iphoneos;
				TARGETED_DEVICE_FAMILY = "1,2";
				VALIDATE_PRODUCT = YES;
			};
			name = Release;
		};
		4A0266601B4D509300B35DB0 /* Debug */ = {
			isa = XCBuildConfiguration;
			buildSettings = {
				ASSETCATALOG_COMPILER_APPICON_NAME = AppIcon;
				INFOPLIST_FILE = ZDropdown/Info.plist;
				LD_RUNPATH_SEARCH_PATHS = "$(inherited) @executable_path/Frameworks";
				PRODUCT_NAME = "$(TARGET_NAME)";
			};
			name = Debug;
		};
		4A0266611B4D509300B35DB0 /* Release */ = {
			isa = XCBuildConfiguration;
			buildSettings = {
				ASSETCATALOG_COMPILER_APPICON_NAME = AppIcon;
				INFOPLIST_FILE = ZDropdown/Info.plist;
				LD_RUNPATH_SEARCH_PATHS = "$(inherited) @executable_path/Frameworks";
				PRODUCT_NAME = "$(TARGET_NAME)";
			};
			name = Release;
		};
		4A0266631B4D509300B35DB0 /* Debug */ = {
			isa = XCBuildConfiguration;
			buildSettings = {
				BUNDLE_LOADER = "$(TEST_HOST)";
				FRAMEWORK_SEARCH_PATHS = (
					"$(SDKROOT)/Developer/Library/Frameworks",
					"$(inherited)",
				);
				GCC_PREPROCESSOR_DEFINITIONS = (
					"DEBUG=1",
					"$(inherited)",
				);
				INFOPLIST_FILE = ZDropdownTests/Info.plist;
				LD_RUNPATH_SEARCH_PATHS = "$(inherited) @executable_path/Frameworks @loader_path/Frameworks";
				PRODUCT_NAME = "$(TARGET_NAME)";
				TEST_HOST = "$(BUILT_PRODUCTS_DIR)/ZDropdown.app/ZDropdown";
			};
			name = Debug;
		};
		4A0266641B4D509300B35DB0 /* Release */ = {
			isa = XCBuildConfiguration;
			buildSettings = {
				BUNDLE_LOADER = "$(TEST_HOST)";
				FRAMEWORK_SEARCH_PATHS = (
					"$(SDKROOT)/Developer/Library/Frameworks",
					"$(inherited)",
				);
				INFOPLIST_FILE = ZDropdownTests/Info.plist;
				LD_RUNPATH_SEARCH_PATHS = "$(inherited) @executable_path/Frameworks @loader_path/Frameworks";
				PRODUCT_NAME = "$(TARGET_NAME)";
				TEST_HOST = "$(BUILT_PRODUCTS_DIR)/ZDropdown.app/ZDropdown";
			};
			name = Release;
		};
/* End XCBuildConfiguration section */

/* Begin XCConfigurationList section */
		4A02663B1B4D509300B35DB0 /* Build configuration list for PBXProject "ZDropdown" */ = {
			isa = XCConfigurationList;
			buildConfigurations = (
				4A02665D1B4D509300B35DB0 /* Debug */,
				4A02665E1B4D509300B35DB0 /* Release */,
			);
			defaultConfigurationIsVisible = 0;
			defaultConfigurationName = Release;
		};
		4A02665F1B4D509300B35DB0 /* Build configuration list for PBXNativeTarget "ZDropdown" */ = {
			isa = XCConfigurationList;
			buildConfigurations = (
				4A0266601B4D509300B35DB0 /* Debug */,
				4A0266611B4D509300B35DB0 /* Release */,
			);
			defaultConfigurationIsVisible = 0;
			defaultConfigurationName = Release;
		};
		4A0266621B4D509300B35DB0 /* Build configuration list for PBXNativeTarget "ZDropdownTests" */ = {
			isa = XCConfigurationList;
			buildConfigurations = (
				4A0266631B4D509300B35DB0 /* Debug */,
				4A0266641B4D509300B35DB0 /* Release */,
			);
			defaultConfigurationIsVisible = 0;
			defaultConfigurationName = Release;
		};
/* End XCConfigurationList section */
	};
	rootObject = 4A0266381B4D509300B35DB0 /* Project object */;
}
